
Microsoft Visual Studio Solution File, Format Version 12.00
# Visual Studio 15
VisualStudioVersion = 15.0.26430.6
MinimumVisualStudioVersion = 10.0.40219.1
Project("{FAE04EC0-301F-11D3-BF4B-00C04F79EFBC}") = "corewebapp", "corewebapp\corewebapp.csproj", "{1977A5E1-A9EE-4D98-9C8E-C6E73C3AF842}"
EndProject
Global
	GlobalSection(SolutionConfigurationPlatforms) = preSolution
		Debug|Any CPU = Debug|Any CPU
		Release|Any CPU = Release|Any CPU
	EndGlobalSection
	GlobalSection(ProjectConfigurationPlatforms) = postSolution
		{1977A5E1-A9EE-4D98-9C8E-C6E73C3AF842}.Debug|Any CPU.ActiveCfg = Debug|Any CPU
		{1977A5E1-A9EE-4D98-9C8E-C6E73C3AF842}.Debug|Any CPU.Build.0 = Debug|Any CPU
		{1977A5E1-A9EE-4D98-9C8E-C6E73C3AF842}.Release|Any CPU.ActiveCfg = Release|Any CPU
		{1977A5E1-A9EE-4D98-9C8E-C6E73C3AF842}.Release|Any CPU.Build.0 = Release|Any CPU
	EndGlobalSection
	GlobalSection(SolutionProperties) = preSolution
		HideSolutionNode = FALSE
	EndGlobalSection
EndGlobal
